
Microsoft Visual Studio Solution File, Format Version 12.00
# Visual Studio 14
VisualStudioVersion = 14.0.25420.1
MinimumVisualStudioVersion = 10.0.40219.1
Project("{FAE04EC0-301F-11D3-BF4B-00C04F79EFBC}") = "Ebuy.Website", "Ebuy.Website\Ebuy.Website.csproj", "{37049DEE-FB1F-4874-9362-D373AE115A8B}"
EndProject
Project("{FAE04EC0-301F-11D3-BF4B-00C04F79EFBC}") = "Ebuy.Website.Tests", "Ebuy.Website.Tests\Ebuy.Website.Tests.csproj", "{B5C7E587-EEAB-4C09-A17F-F0381C7A0B75}"
EndProject
Global
	GlobalSection(SolutionConfigurationPlatforms) = preSolution
		Debug|Any CPU = Debug|Any CPU
		Release|Any CPU = Release|Any CPU
	EndGlobalSection
	GlobalSection(ProjectConfigurationPlatforms) = postSolution
		{37049DEE-FB1F-4874-9362-D373AE115A8B}.Debug|Any CPU.ActiveCfg = Debug|Any CPU
		{37049DEE-FB1F-4874-9362-D373AE115A8B}.Debug|Any CPU.Build.0 = Debug|Any CPU
		{37049DEE-FB1F-4874-9362-D373AE115A8B}.Release|Any CPU.ActiveCfg = Release|Any CPU
		{37049DEE-FB1F-4874-9362-D373AE115A8B}.Release|Any CPU.Build.0 = Release|Any CPU
		{B5C7E587-EEAB-4C09-A17F-F0381C7A0B75}.Debug|Any CPU.ActiveCfg = Debug|Any CPU
		{B5C7E587-EEAB-4C09-A17F-F0381C7A0B75}.Debug|Any CPU.Build.0 = Debug|Any CPU
		{B5C7E587-EEAB-4C09-A17F-F0381C7A0B75}.Release|Any CPU.ActiveCfg = Release|Any CPU
		{B5C7E587-EEAB-4C09-A17F-F0381C7A0B75}.Release|Any CPU.Build.0 = Release|Any CPU
	EndGlobalSection
	GlobalSection(SolutionProperties) = preSolution
		HideSolutionNode = FALSE
	EndGlobalSection
EndGlobal
